
Microsoft Visual Studio Solution File, Format Version 12.00
# Visual Studio Version 17
VisualStudioVersion = 17.0.31612.314
MinimumVisualStudioVersion = 10.0.40219.1
Project("{FAE04EC0-301F-11D3-BF4B-00C04F79EFBC}") = "动态数组", "动态数组.csproj", "{EC58192A-862F-424C-AD5C-D7F612A7E934}"
EndProject
Global
	GlobalSection(SolutionConfigurationPlatforms) = preSolution
		Debug|Any CPU = Debug|Any CPU
		Release|Any CPU = Release|Any CPU
	EndGlobalSection
	GlobalSection(ProjectConfigurationPlatforms) = postSolution
		{EC58192A-862F-424C-AD5C-D7F612A7E934}.Debug|Any CPU.ActiveCfg = Debug|Any CPU
		{EC58192A-862F-424C-AD5C-D7F612A7E934}.Debug|Any CPU.Build.0 = Debug|Any CPU
		{EC58192A-862F-424C-AD5C-D7F612A7E934}.Release|Any CPU.ActiveCfg = Release|Any CPU
		{EC58192A-862F-424C-AD5C-D7F612A7E934}.Release|Any CPU.Build.0 = Release|Any CPU
	EndGlobalSection
	GlobalSection(SolutionProperties) = preSolution
		HideSolutionNode = FALSE
	EndGlobalSection
	GlobalSection(ExtensibilityGlobals) = postSolution
		SolutionGuid = {F7992114-E681-4FCB-BBF8-190F163B4C55}
	EndGlobalSection
EndGlobal
